
Microsoft Visual Studio Solution File, Format Version 12.00
# Visual Studio Version 17
VisualStudioVersion = 17.11.35327.3
MinimumVisualStudioVersion = 10.0.40219.1
Project("{FAE04EC0-301F-11D3-BF4B-00C04F79EFBC}") = "DopravniPodnikSem", "DopravniPodnikSem.csproj", "{8206F6AF-285B-4BCC-91CC-21FB72222127}"
EndProject
Global
	GlobalSection(SolutionConfigurationPlatforms) = preSolution
		Debug|Any CPU = Debug|Any CPU
		Release|Any CPU = Release|Any CPU
	EndGlobalSection
	GlobalSection(ProjectConfigurationPlatforms) = postSolution
		{8206F6AF-285B-4BCC-91CC-21FB72222127}.Debug|Any CPU.ActiveCfg = Debug|Any CPU
		{8206F6AF-285B-4BCC-91CC-21FB72222127}.Debug|Any CPU.Build.0 = Debug|Any CPU
		{8206F6AF-285B-4BCC-91CC-21FB72222127}.Release|Any CPU.ActiveCfg = Release|Any CPU
		{8206F6AF-285B-4BCC-91CC-21FB72222127}.Release|Any CPU.Build.0 = Release|Any CPU
	EndGlobalSection
	GlobalSection(SolutionProperties) = preSolution
		HideSolutionNode = FALSE
	EndGlobalSection
	GlobalSection(ExtensibilityGlobals) = postSolution
		SolutionGuid = {359721A5-11E7-4151-B27F-4CE5F59C0E46}
	EndGlobalSection
EndGlobal
